
Microsoft Visual Studio Solution File, Format Version 12.00
Project("{FAE04EC0-301F-11D3-BF4B-00C04F79EFBC}") = "NoughtsAndCrosses.Desktop", "NoughtsAndCrosses\NoughtsAndCrosses.Desktop\NoughtsAndCrosses.Desktop.csproj", "{17FCC5ED-FBFF-4D14-B582-44065BADA37D}"
EndProject
Project("{FAE04EC0-301F-11D3-BF4B-00C04F79EFBC}") = "NoughtsAndCrosses.Game", "NoughtsAndCrosses\NoughtsAndCrosses.Game\NoughtsAndCrosses.Game.csproj", "{F467F807-5860-4EBF-AA7B-BF975D119302}"
EndProject
Project("{FAE04EC0-301F-11D3-BF4B-00C04F79EFBC}") = "NoughtsAndCrosses.Game.Tests", "NoughtsAndCrosses\NoughtsAndCrosses.Game.Tests\NoughtsAndCrosses.Game.Tests.csproj", "{298AA64A-8971-4906-B5BE-5E48DFD08A01}"
EndProject
Project("{FAE04EC0-301F-11D3-BF4B-00C04F79EFBC}") = "NoughtsAndCrosses.Resources", "NoughtsAndCrosses\NoughtsAndCrosses.Resources\NoughtsAndCrosses.Resources.csproj", "{EB6B0FEE-D0EE-4055-AC44-9E342DD706F4}"
EndProject
Global
	GlobalSection(SolutionConfigurationPlatforms) = preSolution
		Debug|Any CPU = Debug|Any CPU
		Release|Any CPU = Release|Any CPU
	EndGlobalSection
	GlobalSection(ProjectConfigurationPlatforms) = postSolution
		{17FCC5ED-FBFF-4D14-B582-44065BADA37D}.Debug|Any CPU.ActiveCfg = Debug|Any CPU
		{17FCC5ED-FBFF-4D14-B582-44065BADA37D}.Debug|Any CPU.Build.0 = Debug|Any CPU
		{17FCC5ED-FBFF-4D14-B582-44065BADA37D}.Release|Any CPU.ActiveCfg = Release|Any CPU
		{17FCC5ED-FBFF-4D14-B582-44065BADA37D}.Release|Any CPU.Build.0 = Release|Any CPU
		{F467F807-5860-4EBF-AA7B-BF975D119302}.Debug|Any CPU.ActiveCfg = Debug|Any CPU
		{F467F807-5860-4EBF-AA7B-BF975D119302}.Debug|Any CPU.Build.0 = Debug|Any CPU
		{F467F807-5860-4EBF-AA7B-BF975D119302}.Release|Any CPU.ActiveCfg = Release|Any CPU
		{F467F807-5860-4EBF-AA7B-BF975D119302}.Release|Any CPU.Build.0 = Release|Any CPU
		{298AA64A-8971-4906-B5BE-5E48DFD08A01}.Debug|Any CPU.ActiveCfg = Debug|Any CPU
		{298AA64A-8971-4906-B5BE-5E48DFD08A01}.Debug|Any CPU.Build.0 = Debug|Any CPU
		{298AA64A-8971-4906-B5BE-5E48DFD08A01}.Release|Any CPU.ActiveCfg = Release|Any CPU
		{298AA64A-8971-4906-B5BE-5E48DFD08A01}.Release|Any CPU.Build.0 = Release|Any CPU
		{EB6B0FEE-D0EE-4055-AC44-9E342DD706F4}.Debug|Any CPU.ActiveCfg = Debug|Any CPU
		{EB6B0FEE-D0EE-4055-AC44-9E342DD706F4}.Debug|Any CPU.Build.0 = Debug|Any CPU
		{EB6B0FEE-D0EE-4055-AC44-9E342DD706F4}.Release|Any CPU.ActiveCfg = Release|Any CPU
		{EB6B0FEE-D0EE-4055-AC44-9E342DD706F4}.Release|Any CPU.Build.0 = Release|Any CPU
	EndGlobalSection
EndGlobal
